
Microsoft Visual Studio Solution File, Format Version 12.00
# Visual Studio Version 17
VisualStudioVersion = 17.8.34330.188
MinimumVisualStudioVersion = 10.0.40219.1
Project("{FAE04EC0-301F-11D3-BF4B-00C04F79EFBC}") = "LINQ", "LINQ\LINQ.csproj", "{70A7A30A-75FE-476C-A43F-0234DB75D877}"
EndProject
Project("{FAE04EC0-301F-11D3-BF4B-00C04F79EFBC}") = "SeedData", "SeedData\SeedData.csproj", "{249D1833-255D-4CD1-B15E-6F4C8580DB18}"
EndProject
Global
	GlobalSection(SolutionConfigurationPlatforms) = preSolution
		Debug|Any CPU = Debug|Any CPU
		Release|Any CPU = Release|Any CPU
	EndGlobalSection
	GlobalSection(ProjectConfigurationPlatforms) = postSolution
		{70A7A30A-75FE-476C-A43F-0234DB75D877}.Debug|Any CPU.ActiveCfg = Debug|Any CPU
		{70A7A30A-75FE-476C-A43F-0234DB75D877}.Debug|Any CPU.Build.0 = Debug|Any CPU
		{70A7A30A-75FE-476C-A43F-0234DB75D877}.Release|Any CPU.ActiveCfg = Release|Any CPU
		{70A7A30A-75FE-476C-A43F-0234DB75D877}.Release|Any CPU.Build.0 = Release|Any CPU
		{249D1833-255D-4CD1-B15E-6F4C8580DB18}.Debug|Any CPU.ActiveCfg = Debug|Any CPU
		{249D1833-255D-4CD1-B15E-6F4C8580DB18}.Debug|Any CPU.Build.0 = Debug|Any CPU
		{249D1833-255D-4CD1-B15E-6F4C8580DB18}.Release|Any CPU.ActiveCfg = Release|Any CPU
		{249D1833-255D-4CD1-B15E-6F4C8580DB18}.Release|Any CPU.Build.0 = Release|Any CPU
	EndGlobalSection
	GlobalSection(SolutionProperties) = preSolution
		HideSolutionNode = FALSE
	EndGlobalSection
	GlobalSection(ExtensibilityGlobals) = postSolution
		SolutionGuid = {22DC68A4-5397-4D24-A995-AAC6BB3CD2CB}
	EndGlobalSection
EndGlobal
